<?xml version="1.0" encoding="utf-8"?>
<Project ToolsVersion="4.0" xmlns="http://schemas.microsoft.com/developer/msbuild/2003">
  <ItemGroup>
    <Filter Include="Source Files">
      <UniqueIdentifier>{4FC737F1-C7A5-4376-A066-2A32D752A2FF}</UniqueIdentifier>
      <Extensions>
      </Extensions>
    </Filter>
    <Filter Include="Header Files">
      <UniqueIdentifier>{93995380-89BD-4b04-88EB-625FBE52EBFB}</UniqueIdentifier>
      <Extensions>
      </Extensions>
    </Filter>
    <Filter Include="Resource Files">
      <UniqueIdentifier>{67DA6AB6-F800-4c08-8B7A-83BB121AAD01}</UniqueIdentifier>
      <Extensions>rc;ico;cur;bmp;dlg;rc2;rct;bin;rgs;gif;jpg;jpeg;jpe;resx;tiff;tif;png;wav;mfcribbon-ms</Extensions>
    </Filter>
  </ItemGroup>
  <ItemGroup>
    <ClInclude Include="include\ICamera.h">
      <Filter>Header Files</Filter>
    </ClInclude>
    <ClInclude Include="include\ICameraControllerInput.h">
      <Filter>Header Files</Filter>
    </ClInclude>
    <ClInclude Include="include\IChunk.h">
      <Filter>Header Files</Filter>
    </ClInclude>
    <ClInclude Include="include\IChunkFactory.h">
      <Filter>Header Files</Filter>
    </ClInclude>
    <ClInclude Include="include\IChunkManager.h">
      <Filter>Header Files</Filter>
    </ClInclude>
    <ClInclude Include="src\Camera.h">
      <Filter>Source Files</Filter>
    </ClInclude>
    <ClInclude Include="src\ChunkManager.h">
      <Filter>Source Files</Filter>
    </ClInclude>
    <ClInclude Include="src\Controls.hpp">
      <Filter>Source Files</Filter>
    </ClInclude>
    <ClInclude Include="src\NotImplementedException.h">
      <Filter>Source Files</Filter>
    </ClInclude>
    <ClInclude Include="src\ShaderManager.h">
      <Filter>Source Files</Filter>
    </ClInclude>
    <ClInclude Include="src\targetver.h">
      <Filter>Source Files</Filter>
    </ClInclude>
    <ClInclude Include="src\VoxelGeometry.h">
      <Filter>Source Files</Filter>
    </ClInclude>
    <ClInclude Include="include\MouseAndKeyboardCameraControllerInput.h">
      <Filter>Source Files</Filter>
    </ClInclude>
    <ClInclude Include="include\VoxelEngine.h" />
    <ClInclude Include="include\VoxelEngineException.h" />
    <ClInclude Include="include\worldSize.h" />
    <ClInclude Include="include\color.h" />
    <ClInclude Include="include\ILightSource.h" />
    <ClInclude Include="include\SimpleLight.h" />
    <ClInclude Include="include\IVoxel.h" />
    <ClInclude Include="include\Chunk.h">
      <Filter>Source Files</Filter>
    </ClInclude>
    <ClInclude Include="include\UniformChunk.h">
      <Filter>Source Files</Filter>
    </ClInclude>
    <ClInclude Include="include\ISprite.h" />
    <ClInclude Include="src\VoxelSprite.h" />
    <ClInclude Include="src\SpriteVoxel.h" />
    <ClInclude Include="include\ISpriteVoxel.h" />
    <ClInclude Include="include\IVoxelContainer.h" />
    <ClInclude Include="src\VoxelContainerGeometry.h">
      <Filter>Source Files</Filter>
    </ClInclude>
    <ClInclude Include="src\VoxelRenderer.h">
      <Filter>Source Files</Filter>
    </ClInclude>
    <ClInclude Include="src\SpriteManager.h" />
    <ClInclude Include="include\ISpriteBehaviour.h" />
    <ClInclude Include="include\BehaviourFactory.h" />
    <ClInclude Include="src\behaviours\VoxelatedConstructionSpriteBehaviour.h" />
    <ClInclude Include="include\ISpriteManager.h" />
    <ClInclude Include="src\FrameCounter.h" />
    <ClInclude Include="include\GeometryUpdateRequest.h" />
  </ItemGroup>
  <ItemGroup>
    <ClCompile Include="src\Camera.cpp">
      <Filter>Source Files</Filter>
    </ClCompile>
    <ClCompile Include="src\Chunk.cpp">
      <Filter>Source Files</Filter>
    </ClCompile>
    <ClCompile Include="src\ChunkManager.cpp">
      <Filter>Source Files</Filter>
    </ClCompile>
    <ClCompile Include="src\Controls.cpp">
      <Filter>Source Files</Filter>
    </ClCompile>
    <ClCompile Include="src\MouseAndKeyboardCameraControllerInput.cpp">
      <Filter>Source Files</Filter>
    </ClCompile>
    <ClCompile Include="src\ShaderManager.cpp">
      <Filter>Source Files</Filter>
    </ClCompile>
    <ClCompile Include="src\UniformChunk.cpp">
      <Filter>Source Files</Filter>
    </ClCompile>
    <ClCompile Include="src\VoxelGeometry.cpp">
      <Filter>Source Files</Filter>
    </ClCompile>
    <ClCompile Include="..\depends\src\glad\glad.c" />
    <ClCompile Include="src\VoxelEngine.cpp">
      <Filter>Source Files</Filter>
    </ClCompile>
    <ClCompile Include="src\IVoxel.cpp" />
    <ClCompile Include="src\VoxelSprite.cpp" />
    <ClCompile Include="src\ISprite.cpp" />
    <ClCompile Include="src\VoxelContainerGeometry.cpp">
      <Filter>Source Files</Filter>
    </ClCompile>
    <ClCompile Include="src\VoxelRenderer.cpp">
      <Filter>Source Files</Filter>
    </ClCompile>
    <ClCompile Include="src\SpriteManager.cpp" />
    <ClCompile Include="src\BehaviourFactory.cpp" />
    <ClCompile Include="src\behaviours\VoxelatedConstructionSpriteBehaviour.cpp" />
  </ItemGroup>
</Project>